
Microsoft Visual Studio Solution File, Format Version 12.00
# Visual Studio 15
VisualStudioVersion = 15.0.27428.2015
MinimumVisualStudioVersion = 10.0.40219.1
Project("{F184B08F-C81C-45F6-A57F-5ABD9991F28F}") = "FileRenamer", "FileRenamer\FileRenamer.vbproj", "{43ADBB52-9484-4D5D-BC0A-38757D2CD987}"
EndProject
Global
	GlobalSection(SolutionConfigurationPlatforms) = preSolution
		Debug|Any CPU = Debug|Any CPU
		Release|Any CPU = Release|Any CPU
	EndGlobalSection
	GlobalSection(ProjectConfigurationPlatforms) = postSolution
		{43ADBB52-9484-4D5D-BC0A-38757D2CD987}.Debug|Any CPU.ActiveCfg = Debug|Any CPU
		{43ADBB52-9484-4D5D-BC0A-38757D2CD987}.Debug|Any CPU.Build.0 = Debug|Any CPU
		{43ADBB52-9484-4D5D-BC0A-38757D2CD987}.Release|Any CPU.ActiveCfg = Release|Any CPU
		{43ADBB52-9484-4D5D-BC0A-38757D2CD987}.Release|Any CPU.Build.0 = Release|Any CPU
	EndGlobalSection
	GlobalSection(SolutionProperties) = preSolution
		HideSolutionNode = FALSE
	EndGlobalSection
	GlobalSection(ExtensibilityGlobals) = postSolution
		SolutionGuid = {606DA75B-D8E5-4A8C-869A-AFEC1A31F658}
	EndGlobalSection
EndGlobal
